
Microsoft Visual Studio Solution File, Format Version 12.00
# Visual Studio Version 16
VisualStudioVersion = 16.0.29102.190
MinimumVisualStudioVersion = 10.0.40219.1
Project("{F184B08F-C81C-45F6-A57F-5ABD9991F28F}") = "LibAutoFaturas", "BibliotecaAutomacaoFaturas\LibAutoFaturas.vbproj", "{33A2D055-AB0C-4B8F-A14A-655F3D2077AF}"
EndProject
Project("{F184B08F-C81C-45F6-A57F-5ABD9991F28F}") = "AUTOMACAO4DUI2", "AUTOMACAO4DUI2\AUTOMACAO4DUI2.vbproj", "{9C9A067F-239E-4C9F-B657-342211B6DC1F}"
EndProject
Project("{F184B08F-C81C-45F6-A57F-5ABD9991F28F}") = "RoboFaturas4d", "consoleteste1\RoboFaturas4d.vbproj", "{92626C8E-DC0B-47D0-936B-DD48E7C84064}"
EndProject
Project("{F184B08F-C81C-45F6-A57F-5ABD9991F28F}") = "TratadorDeFAturas", "TratadorDeFAturas\TratadorDeFAturas.vbproj", "{4D9C60AB-85A7-43AD-BC7D-8561FF4B1997}"
EndProject
Project("{F184B08F-C81C-45F6-A57F-5ABD9991F28F}") = "ServidorFox", "ServidorFox\ServidorFox.vbproj", "{42597359-C094-400F-A09D-A2266F193E4C}"
EndProject
Project("{F184B08F-C81C-45F6-A57F-5ABD9991F28F}") = "Conversor", "Conversor\Conversor.vbproj", "{8BA492A1-2F9C-40DA-AC23-2E966C167FAD}"
EndProject
Project("{778DAE3C-4631-46EA-AA77-85C1314464D9}") = "testecv", "testecv\testecv.vbproj", "{1A18B3D1-4A59-4648-9D3C-E8B6D62F4C53}"
EndProject
Project("{2150E333-8FDC-42A3-9474-1A3956D46DE8}") = "Testes", "Testes", "{483E1E00-2D12-4C76-AFAF-8DFD4B13D482}"
EndProject
Project("{F184B08F-C81C-45F6-A57F-5ABD9991F28F}") = "LibAutoFaturasStantard", "LibAutoFaturasStantard\LibAutoFaturasStantard.vbproj", "{B73842B9-37CF-4D26-8269-621DC38705C9}"
EndProject
Project("{F184B08F-C81C-45F6-A57F-5ABD9991F28F}") = "biblioteca core", "biblioteca core\biblioteca core.vbproj", "{B198EBE4-33D1-4AED-822B-CD647A1B3E6E}"
EndProject
Global
	GlobalSection(SolutionConfigurationPlatforms) = preSolution
		Debug|Any CPU = Debug|Any CPU
		Release|Any CPU = Release|Any CPU
	EndGlobalSection
	GlobalSection(ProjectConfigurationPlatforms) = postSolution
		{33A2D055-AB0C-4B8F-A14A-655F3D2077AF}.Debug|Any CPU.ActiveCfg = Debug|Any CPU
		{33A2D055-AB0C-4B8F-A14A-655F3D2077AF}.Debug|Any CPU.Build.0 = Debug|Any CPU
		{33A2D055-AB0C-4B8F-A14A-655F3D2077AF}.Release|Any CPU.ActiveCfg = Release|Any CPU
		{33A2D055-AB0C-4B8F-A14A-655F3D2077AF}.Release|Any CPU.Build.0 = Release|Any CPU
		{9C9A067F-239E-4C9F-B657-342211B6DC1F}.Debug|Any CPU.ActiveCfg = Debug|Any CPU
		{9C9A067F-239E-4C9F-B657-342211B6DC1F}.Debug|Any CPU.Build.0 = Debug|Any CPU
		{9C9A067F-239E-4C9F-B657-342211B6DC1F}.Release|Any CPU.ActiveCfg = Release|Any CPU
		{9C9A067F-239E-4C9F-B657-342211B6DC1F}.Release|Any CPU.Build.0 = Release|Any CPU
		{92626C8E-DC0B-47D0-936B-DD48E7C84064}.Debug|Any CPU.ActiveCfg = Debug|Any CPU
		{92626C8E-DC0B-47D0-936B-DD48E7C84064}.Debug|Any CPU.Build.0 = Debug|Any CPU
		{92626C8E-DC0B-47D0-936B-DD48E7C84064}.Release|Any CPU.ActiveCfg = Release|Any CPU
		{92626C8E-DC0B-47D0-936B-DD48E7C84064}.Release|Any CPU.Build.0 = Release|Any CPU
		{4D9C60AB-85A7-43AD-BC7D-8561FF4B1997}.Debug|Any CPU.ActiveCfg = Debug|Any CPU
		{4D9C60AB-85A7-43AD-BC7D-8561FF4B1997}.Debug|Any CPU.Build.0 = Debug|Any CPU
		{4D9C60AB-85A7-43AD-BC7D-8561FF4B1997}.Release|Any CPU.ActiveCfg = Release|Any CPU
		{4D9C60AB-85A7-43AD-BC7D-8561FF4B1997}.Release|Any CPU.Build.0 = Release|Any CPU
		{42597359-C094-400F-A09D-A2266F193E4C}.Debug|Any CPU.ActiveCfg = Debug|Any CPU
		{42597359-C094-400F-A09D-A2266F193E4C}.Debug|Any CPU.Build.0 = Debug|Any CPU
		{42597359-C094-400F-A09D-A2266F193E4C}.Release|Any CPU.ActiveCfg = Release|Any CPU
		{42597359-C094-400F-A09D-A2266F193E4C}.Release|Any CPU.Build.0 = Release|Any CPU
		{8BA492A1-2F9C-40DA-AC23-2E966C167FAD}.Debug|Any CPU.ActiveCfg = Debug|Any CPU
		{8BA492A1-2F9C-40DA-AC23-2E966C167FAD}.Debug|Any CPU.Build.0 = Debug|Any CPU
		{8BA492A1-2F9C-40DA-AC23-2E966C167FAD}.Release|Any CPU.ActiveCfg = Release|Any CPU
		{8BA492A1-2F9C-40DA-AC23-2E966C167FAD}.Release|Any CPU.Build.0 = Release|Any CPU
		{1A18B3D1-4A59-4648-9D3C-E8B6D62F4C53}.Debug|Any CPU.ActiveCfg = Debug|Any CPU
		{1A18B3D1-4A59-4648-9D3C-E8B6D62F4C53}.Debug|Any CPU.Build.0 = Debug|Any CPU
		{1A18B3D1-4A59-4648-9D3C-E8B6D62F4C53}.Release|Any CPU.ActiveCfg = Release|Any CPU
		{1A18B3D1-4A59-4648-9D3C-E8B6D62F4C53}.Release|Any CPU.Build.0 = Release|Any CPU
		{B73842B9-37CF-4D26-8269-621DC38705C9}.Debug|Any CPU.ActiveCfg = Debug|Any CPU
		{B73842B9-37CF-4D26-8269-621DC38705C9}.Debug|Any CPU.Build.0 = Debug|Any CPU
		{B73842B9-37CF-4D26-8269-621DC38705C9}.Release|Any CPU.ActiveCfg = Release|Any CPU
		{B73842B9-37CF-4D26-8269-621DC38705C9}.Release|Any CPU.Build.0 = Release|Any CPU
		{B198EBE4-33D1-4AED-822B-CD647A1B3E6E}.Debug|Any CPU.ActiveCfg = Debug|Any CPU
		{B198EBE4-33D1-4AED-822B-CD647A1B3E6E}.Debug|Any CPU.Build.0 = Debug|Any CPU
		{B198EBE4-33D1-4AED-822B-CD647A1B3E6E}.Release|Any CPU.ActiveCfg = Release|Any CPU
		{B198EBE4-33D1-4AED-822B-CD647A1B3E6E}.Release|Any CPU.Build.0 = Release|Any CPU
	EndGlobalSection
	GlobalSection(SolutionProperties) = preSolution
		HideSolutionNode = FALSE
	EndGlobalSection
	GlobalSection(ExtensibilityGlobals) = postSolution
		SolutionGuid = {E4CD61C1-FC6F-4BA1-97C6-67933120D72B}
	EndGlobalSection
EndGlobal
